
Microsoft Visual Studio Solution File, Format Version 12.00
# Visual Studio 15
VisualStudioVersion = 15.0.28307.168
MinimumVisualStudioVersion = 10.0.40219.1
Project("{FAE04EC0-301F-11D3-BF4B-00C04F79EFBC}") = "Aula1AspNetMvc", "Aula1AspNetMvc\Aula1AspNetMvc.csproj", "{CE9D0F99-E0C3-4B53-AA03-D0C44D5421B0}"
EndProject
Global
	GlobalSection(SolutionConfigurationPlatforms) = preSolution
		Debug|Any CPU = Debug|Any CPU
		Release|Any CPU = Release|Any CPU
	EndGlobalSection
	GlobalSection(ProjectConfigurationPlatforms) = postSolution
		{CE9D0F99-E0C3-4B53-AA03-D0C44D5421B0}.Debug|Any CPU.ActiveCfg = Debug|Any CPU
		{CE9D0F99-E0C3-4B53-AA03-D0C44D5421B0}.Debug|Any CPU.Build.0 = Debug|Any CPU
		{CE9D0F99-E0C3-4B53-AA03-D0C44D5421B0}.Release|Any CPU.ActiveCfg = Release|Any CPU
		{CE9D0F99-E0C3-4B53-AA03-D0C44D5421B0}.Release|Any CPU.Build.0 = Release|Any CPU
	EndGlobalSection
	GlobalSection(SolutionProperties) = preSolution
		HideSolutionNode = FALSE
	EndGlobalSection
	GlobalSection(ExtensibilityGlobals) = postSolution
		SolutionGuid = {71847084-572D-4BC6-B55D-61A96979AC65}
	EndGlobalSection
EndGlobal
